
Microsoft Visual Studio Solution File, Format Version 12.00
# Visual Studio 15
VisualStudioVersion = 15.0.28010.2036
MinimumVisualStudioVersion = 10.0.40219.1
Project("{8BC9CEB8-8B4A-11D0-8D11-00A0C91BC942}") = "Project3", "Project3\Project3.vcxproj", "{A1E172D0-012F-4F74-8098-D48C69A1A39B}"
EndProject
Global
	GlobalSection(SolutionConfigurationPlatforms) = preSolution
		Debug|x64 = Debug|x64
		Debug|x86 = Debug|x86
		Release|x64 = Release|x64
		Release|x86 = Release|x86
	EndGlobalSection
	GlobalSection(ProjectConfigurationPlatforms) = postSolution
		{A1E172D0-012F-4F74-8098-D48C69A1A39B}.Debug|x64.ActiveCfg = Debug|x64
		{A1E172D0-012F-4F74-8098-D48C69A1A39B}.Debug|x64.Build.0 = Debug|x64
		{A1E172D0-012F-4F74-8098-D48C69A1A39B}.Debug|x86.ActiveCfg = Debug|Win32
		{A1E172D0-012F-4F74-8098-D48C69A1A39B}.Debug|x86.Build.0 = Debug|Win32
		{A1E172D0-012F-4F74-8098-D48C69A1A39B}.Release|x64.ActiveCfg = Release|x64
		{A1E172D0-012F-4F74-8098-D48C69A1A39B}.Release|x64.Build.0 = Release|x64
		{A1E172D0-012F-4F74-8098-D48C69A1A39B}.Release|x86.ActiveCfg = Release|Win32
		{A1E172D0-012F-4F74-8098-D48C69A1A39B}.Release|x86.Build.0 = Release|Win32
	EndGlobalSection
	GlobalSection(SolutionProperties) = preSolution
		HideSolutionNode = FALSE
	EndGlobalSection
	GlobalSection(ExtensibilityGlobals) = postSolution
		SolutionGuid = {76487FCE-96E5-4414-949B-DFFDCA84CF34}
	EndGlobalSection
EndGlobal
